
Microsoft Visual Studio Solution File, Format Version 12.00
# Visual Studio Version 16
VisualStudioVersion = 16.0.31624.102
MinimumVisualStudioVersion = 10.0.40219.1
Project("{FAE04EC0-301F-11D3-BF4B-00C04F79EFBC}") = "WebApplication2036", "WebApplication2036\WebApplication2036.csproj", "{39F86D18-8445-44CB-90DE-B2EE69BD8FCE}"
EndProject
Global
	GlobalSection(SolutionConfigurationPlatforms) = preSolution
		Debug|Any CPU = Debug|Any CPU
		Release|Any CPU = Release|Any CPU
	EndGlobalSection
	GlobalSection(ProjectConfigurationPlatforms) = postSolution
		{39F86D18-8445-44CB-90DE-B2EE69BD8FCE}.Debug|Any CPU.ActiveCfg = Debug|Any CPU
		{39F86D18-8445-44CB-90DE-B2EE69BD8FCE}.Debug|Any CPU.Build.0 = Debug|Any CPU
		{39F86D18-8445-44CB-90DE-B2EE69BD8FCE}.Release|Any CPU.ActiveCfg = Release|Any CPU
		{39F86D18-8445-44CB-90DE-B2EE69BD8FCE}.Release|Any CPU.Build.0 = Release|Any CPU
	EndGlobalSection
	GlobalSection(SolutionProperties) = preSolution
		HideSolutionNode = FALSE
	EndGlobalSection
	GlobalSection(ExtensibilityGlobals) = postSolution
		SolutionGuid = {F22F31C1-C371-4949-87A8-08A555BCA7D9}
	EndGlobalSection
EndGlobal
