
Microsoft Visual Studio Solution File, Format Version 12.00
# Visual Studio Version 16
VisualStudioVersion = 16.0.31605.320
MinimumVisualStudioVersion = 10.0.40219.1
Project("{FAE04EC0-301F-11D3-BF4B-00C04F79EFBC}") = "WebApplication1036", "WebApplication1036\WebApplication1036.csproj", "{246A31AF-DDE2-41DC-BD33-BFEE9AFBEB3E}"
EndProject
Global
	GlobalSection(SolutionConfigurationPlatforms) = preSolution
		Debug|Any CPU = Debug|Any CPU
		Release|Any CPU = Release|Any CPU
	EndGlobalSection
	GlobalSection(ProjectConfigurationPlatforms) = postSolution
		{246A31AF-DDE2-41DC-BD33-BFEE9AFBEB3E}.Debug|Any CPU.ActiveCfg = Debug|Any CPU
		{246A31AF-DDE2-41DC-BD33-BFEE9AFBEB3E}.Debug|Any CPU.Build.0 = Debug|Any CPU
		{246A31AF-DDE2-41DC-BD33-BFEE9AFBEB3E}.Release|Any CPU.ActiveCfg = Release|Any CPU
		{246A31AF-DDE2-41DC-BD33-BFEE9AFBEB3E}.Release|Any CPU.Build.0 = Release|Any CPU
	EndGlobalSection
	GlobalSection(SolutionProperties) = preSolution
		HideSolutionNode = FALSE
	EndGlobalSection
	GlobalSection(ExtensibilityGlobals) = postSolution
		SolutionGuid = {3F398718-DA34-459F-8583-5F4B305C8E8A}
	EndGlobalSection
EndGlobal
